<Solution>
  <Project Path="Module.InteractionAutomation.PhysicalInput.csproj" />
  <Project Path="Assembly-CSharp.csproj" />
  <Project Path="Module.Communication.Unity3D.Tests.csproj" />
  <Project Path="Module.InteractionAutomation.Targets.csproj" />
  <Project Path="Module.InteractionAutomation.Targets.Unity3D.csproj" />
  <Project Path="Module.InteractionAutomation.Coordinates.csproj" />
  <Project Path="Module.Communication.JsonRpc.csproj" />
  <Project Path="Module.Communication.Unity3D.csproj" />
  <Project Path="Module.InteractionAutomation.PhysicalInput.Unity3D.Tests.csproj" />
  <Project Path="Module.Communication.JsonRpc.WebSocket.csproj" />
  <Project Path="Module.InteractionAutomation.Availability.csproj" />
  <Project Path="Project.RpcLab.Runtime.csproj" />
  <Project Path="Module.InteractionAutomation.Targets.Unity3D.PlayMode.Tests.csproj" />
  <Project Path="Module.Communication.Unity3D.PlayMode.Tests.csproj" />
  <Project Path="Module.InteractionAutomation.Coordinates.Unity3D.csproj" />
  <Project Path="Module.InteractionAutomation.PhysicalInput.Unity3D.csproj" />
  <Project Path="Module.InteractionAutomation.Runner.csproj" />
  <Project Path="Module.InteractionAutomation.Targets.Unity3D.Tests.csproj" />
  <Project Path="Module.InteractionAutomation.Runner.Tests.csproj" />
  <Project Path="Module.InteractionAutomation.Coordinates.Unity3D.Tests.csproj" />
  <Project Path="Project.RpcLab.Contracts.csproj" />
</Solution>
